
Microsoft Visual Studio Solution File, Format Version 12.00
Project("{FAE04EC0-301F-11D3-BF4B-00C04F79EFBC}") = "AuctionService.API", "AuctionService.API\AuctionService.API.csproj", "{CCFFAE6C-B560-437A-AFF2-A2FC2A4E9203}"
EndProject
Project("{2150E333-8FDC-42A3-9474-1A3956D46DE8}") = "Solution Items", "Solution Items", "{C6FAE61F-E1D1-4DCD-8F3C-3CFB229033C0}"
	ProjectSection(SolutionItems) = preProject
		docker-compose.yml = docker-compose.yml
	EndProjectSection
EndProject
Project("{FAE04EC0-301F-11D3-BF4B-00C04F79EFBC}") = "SearchService.API", "SearchService.API\SearchService.API.csproj", "{50627AF0-3F44-4DF2-B823-BC1C2C169628}"
EndProject
Project("{FAE04EC0-301F-11D3-BF4B-00C04F79EFBC}") = "Contracts", "Contracts\Contracts.csproj", "{BCAB4455-04F3-4BEF-B42B-58A679BF9748}"
EndProject
Global
	GlobalSection(SolutionConfigurationPlatforms) = preSolution
		Debug|Any CPU = Debug|Any CPU
		Release|Any CPU = Release|Any CPU
	EndGlobalSection
	GlobalSection(ProjectConfigurationPlatforms) = postSolution
		{CCFFAE6C-B560-437A-AFF2-A2FC2A4E9203}.Debug|Any CPU.ActiveCfg = Debug|Any CPU
		{CCFFAE6C-B560-437A-AFF2-A2FC2A4E9203}.Debug|Any CPU.Build.0 = Debug|Any CPU
		{CCFFAE6C-B560-437A-AFF2-A2FC2A4E9203}.Release|Any CPU.ActiveCfg = Release|Any CPU
		{CCFFAE6C-B560-437A-AFF2-A2FC2A4E9203}.Release|Any CPU.Build.0 = Release|Any CPU
		{50627AF0-3F44-4DF2-B823-BC1C2C169628}.Debug|Any CPU.ActiveCfg = Debug|Any CPU
		{50627AF0-3F44-4DF2-B823-BC1C2C169628}.Debug|Any CPU.Build.0 = Debug|Any CPU
		{50627AF0-3F44-4DF2-B823-BC1C2C169628}.Release|Any CPU.ActiveCfg = Release|Any CPU
		{50627AF0-3F44-4DF2-B823-BC1C2C169628}.Release|Any CPU.Build.0 = Release|Any CPU
		{BCAB4455-04F3-4BEF-B42B-58A679BF9748}.Debug|Any CPU.ActiveCfg = Debug|Any CPU
		{BCAB4455-04F3-4BEF-B42B-58A679BF9748}.Debug|Any CPU.Build.0 = Debug|Any CPU
		{BCAB4455-04F3-4BEF-B42B-58A679BF9748}.Release|Any CPU.ActiveCfg = Release|Any CPU
		{BCAB4455-04F3-4BEF-B42B-58A679BF9748}.Release|Any CPU.Build.0 = Release|Any CPU
	EndGlobalSection
EndGlobal
